
Microsoft Visual Studio Solution File, Format Version 12.00
# Visual Studio 2013
VisualStudioVersion = 12.0.21005.1
MinimumVisualStudioVersion = 10.0.40219.1
Project("{FAE04EC0-301F-11D3-BF4B-00C04F79EFBC}") = "bttailop", "19607022\bttailop.csproj", "{B90D59D6-9ECE-4E14-AE55-D83E6CE4F757}"
EndProject
Project("{FAE04EC0-301F-11D3-BF4B-00C04F79EFBC}") = "DeTai", "..\DeTai\DeTai.csproj", "{45C57238-B575-45C6-93F9-C15BB7AC3C49}"
EndProject
Global
	GlobalSection(SolutionConfigurationPlatforms) = preSolution
		Debug|Any CPU = Debug|Any CPU
		Release|Any CPU = Release|Any CPU
	EndGlobalSection
	GlobalSection(ProjectConfigurationPlatforms) = postSolution
		{B90D59D6-9ECE-4E14-AE55-D83E6CE4F757}.Debug|Any CPU.ActiveCfg = Debug|Any CPU
		{B90D59D6-9ECE-4E14-AE55-D83E6CE4F757}.Debug|Any CPU.Build.0 = Debug|Any CPU
		{B90D59D6-9ECE-4E14-AE55-D83E6CE4F757}.Release|Any CPU.ActiveCfg = Release|Any CPU
		{B90D59D6-9ECE-4E14-AE55-D83E6CE4F757}.Release|Any CPU.Build.0 = Release|Any CPU
		{45C57238-B575-45C6-93F9-C15BB7AC3C49}.Debug|Any CPU.ActiveCfg = Debug|Any CPU
		{45C57238-B575-45C6-93F9-C15BB7AC3C49}.Debug|Any CPU.Build.0 = Debug|Any CPU
		{45C57238-B575-45C6-93F9-C15BB7AC3C49}.Release|Any CPU.ActiveCfg = Release|Any CPU
		{45C57238-B575-45C6-93F9-C15BB7AC3C49}.Release|Any CPU.Build.0 = Release|Any CPU
	EndGlobalSection
	GlobalSection(SolutionProperties) = preSolution
		HideSolutionNode = FALSE
	EndGlobalSection
EndGlobal
